Microsoft Visual Studio Solution File, Format Version 12.00
# Visual Studio Version 17
VisualStudioVersion = 17.5.2.0
MinimumVisualStudioVersion = 10.0.40219.1
Project("{FAE04EC0-301F-11D3-BF4B-00C04F79EFBC}") = "CSharpStream", "CSharpStream.csproj", "{629B2FA8-3A88-23C0-3019-F6810767707E}"
EndProject
Global
	GlobalSection(SolutionConfigurationPlatforms) = preSolution
		Debug|Any CPU = Debug|Any CPU
		Release|Any CPU = Release|Any CPU
	EndGlobalSection
	GlobalSection(ProjectConfigurationPlatforms) = postSolution
		{629B2FA8-3A88-23C0-3019-F6810767707E}.Debug|Any CPU.ActiveCfg = Debug|Any CPU
		{629B2FA8-3A88-23C0-3019-F6810767707E}.Debug|Any CPU.Build.0 = Debug|Any CPU
		{629B2FA8-3A88-23C0-3019-F6810767707E}.Release|Any CPU.ActiveCfg = Release|Any CPU
		{629B2FA8-3A88-23C0-3019-F6810767707E}.Release|Any CPU.Build.0 = Release|Any CPU
	EndGlobalSection
	GlobalSection(SolutionProperties) = preSolution
		HideSolutionNode = FALSE
	EndGlobalSection
	GlobalSection(ExtensibilityGlobals) = postSolution
		SolutionGuid = {1762B909-B1BD-4A10-80F7-AF34467D4A1D}
	EndGlobalSection
EndGlobal
